
Microsoft Visual Studio Solution File, Format Version 12.00
# Visual Studio Version 17
VisualStudioVersion = 17.7.34024.191
MinimumVisualStudioVersion = 10.0.40219.1
Project("{FAE04EC0-301F-11D3-BF4B-00C04F79EFBC}") = "Traveluuu", "Traveluuu\Traveluuu.csproj", "{1FB25EF2-59FB-4CDC-9E05-0CE5537632D3}"
EndProject
Global
	GlobalSection(SolutionConfigurationPlatforms) = preSolution
		Debug|Any CPU = Debug|Any CPU
		Release|Any CPU = Release|Any CPU
	EndGlobalSection
	GlobalSection(ProjectConfigurationPlatforms) = postSolution
		{1FB25EF2-59FB-4CDC-9E05-0CE5537632D3}.Debug|Any CPU.ActiveCfg = Debug|Any CPU
		{1FB25EF2-59FB-4CDC-9E05-0CE5537632D3}.Debug|Any CPU.Build.0 = Debug|Any CPU
		{1FB25EF2-59FB-4CDC-9E05-0CE5537632D3}.Release|Any CPU.ActiveCfg = Release|Any CPU
		{1FB25EF2-59FB-4CDC-9E05-0CE5537632D3}.Release|Any CPU.Build.0 = Release|Any CPU
	EndGlobalSection
	GlobalSection(SolutionProperties) = preSolution
		HideSolutionNode = FALSE
	EndGlobalSection
	GlobalSection(ExtensibilityGlobals) = postSolution
		SolutionGuid = {5E5B2B89-FD13-4D90-86FF-E3D8CBE41408}
	EndGlobalSection
EndGlobal
